
Microsoft Visual Studio Solution File, Format Version 12.00
# Visual Studio 2012
Project("{FAE04EC0-301F-11D3-BF4B-00C04F79EFBC}") = "Lab_2", "Lab_2.csproj", "{056EADF3-B28F-4D4E-8D03-DF1965E3F12A}"
EndProject
Global
	GlobalSection(SolutionConfigurationPlatforms) = preSolution
		Debug|Any CPU = Debug|Any CPU
		Release|Any CPU = Release|Any CPU
	EndGlobalSection
	GlobalSection(ProjectConfigurationPlatforms) = postSolution
		{056EADF3-B28F-4D4E-8D03-DF1965E3F12A}.Debug|Any CPU.ActiveCfg = Debug|Any CPU
		{056EADF3-B28F-4D4E-8D03-DF1965E3F12A}.Debug|Any CPU.Build.0 = Debug|Any CPU
		{056EADF3-B28F-4D4E-8D03-DF1965E3F12A}.Release|Any CPU.ActiveCfg = Release|Any CPU
		{056EADF3-B28F-4D4E-8D03-DF1965E3F12A}.Release|Any CPU.Build.0 = Release|Any CPU
	EndGlobalSection
	GlobalSection(SolutionProperties) = preSolution
		HideSolutionNode = FALSE
	EndGlobalSection
EndGlobal
